
Microsoft Visual Studio Solution File, Format Version 12.00
# Visual Studio 15
VisualStudioVersion = 15.0.26403.7
MinimumVisualStudioVersion = 10.0.40219.1
Project("{FAE04EC0-301F-11D3-BF4B-00C04F79EFBC}") = "BL.Models", "BL.Models\BL.Models.csproj", "{72024BE8-0671-4DC4-A364-2C8F943EB5B2}"
EndProject
Project("{FAE04EC0-301F-11D3-BF4B-00C04F79EFBC}") = "DAL.Context", "DAL.Context\DAL.Context.csproj", "{75451A17-2D33-48B7-BDD3-BF39CC288345}"
EndProject
Project("{FAE04EC0-301F-11D3-BF4B-00C04F79EFBC}") = "DAL.Migration", "DAL.Migration\DAL.Migration.csproj", "{355DA2F6-EB03-4136-9F5D-D1C8F0CF3DCF}"
EndProject
Project("{FAE04EC0-301F-11D3-BF4B-00C04F79EFBC}") = "UI.Test", "UI.Test\UI.Test.csproj", "{17810448-9FBE-47CA-9259-5961CEBA1E18}"
EndProject
Project("{FAE04EC0-301F-11D3-BF4B-00C04F79EFBC}") = "UI.Web", "UI.Web\UI.Web.csproj", "{461F1C7E-CC9B-4EC0-B740-FE38795313E6}"
EndProject
Project("{2150E333-8FDC-42A3-9474-1A3956D46DE8}") = "DAL", "DAL", "{7A6C21E0-F2D5-44C7-9A93-C128E3496364}"
EndProject
Project("{2150E333-8FDC-42A3-9474-1A3956D46DE8}") = "BL", "BL", "{DC99A499-4E12-480B-B287-89291144D0DC}"
EndProject
Project("{2150E333-8FDC-42A3-9474-1A3956D46DE8}") = "UI", "UI", "{8ACCE6D3-DCBF-4533-AF7C-07B7CC919DEC}"
EndProject
Global
	GlobalSection(SolutionConfigurationPlatforms) = preSolution
		Debug|Any CPU = Debug|Any CPU
		Release|Any CPU = Release|Any CPU
	EndGlobalSection
	GlobalSection(ProjectConfigurationPlatforms) = postSolution
		{72024BE8-0671-4DC4-A364-2C8F943EB5B2}.Debug|Any CPU.ActiveCfg = Debug|Any CPU
		{72024BE8-0671-4DC4-A364-2C8F943EB5B2}.Debug|Any CPU.Build.0 = Debug|Any CPU
		{72024BE8-0671-4DC4-A364-2C8F943EB5B2}.Release|Any CPU.ActiveCfg = Release|Any CPU
		{72024BE8-0671-4DC4-A364-2C8F943EB5B2}.Release|Any CPU.Build.0 = Release|Any CPU
		{75451A17-2D33-48B7-BDD3-BF39CC288345}.Debug|Any CPU.ActiveCfg = Debug|Any CPU
		{75451A17-2D33-48B7-BDD3-BF39CC288345}.Debug|Any CPU.Build.0 = Debug|Any CPU
		{75451A17-2D33-48B7-BDD3-BF39CC288345}.Release|Any CPU.ActiveCfg = Release|Any CPU
		{75451A17-2D33-48B7-BDD3-BF39CC288345}.Release|Any CPU.Build.0 = Release|Any CPU
		{355DA2F6-EB03-4136-9F5D-D1C8F0CF3DCF}.Debug|Any CPU.ActiveCfg = Debug|Any CPU
		{355DA2F6-EB03-4136-9F5D-D1C8F0CF3DCF}.Debug|Any CPU.Build.0 = Debug|Any CPU
		{355DA2F6-EB03-4136-9F5D-D1C8F0CF3DCF}.Release|Any CPU.ActiveCfg = Release|Any CPU
		{355DA2F6-EB03-4136-9F5D-D1C8F0CF3DCF}.Release|Any CPU.Build.0 = Release|Any CPU
		{17810448-9FBE-47CA-9259-5961CEBA1E18}.Debug|Any CPU.ActiveCfg = Debug|Any CPU
		{17810448-9FBE-47CA-9259-5961CEBA1E18}.Debug|Any CPU.Build.0 = Debug|Any CPU
		{17810448-9FBE-47CA-9259-5961CEBA1E18}.Release|Any CPU.ActiveCfg = Release|Any CPU
		{17810448-9FBE-47CA-9259-5961CEBA1E18}.Release|Any CPU.Build.0 = Release|Any CPU
		{461F1C7E-CC9B-4EC0-B740-FE38795313E6}.Debug|Any CPU.ActiveCfg = Debug|Any CPU
		{461F1C7E-CC9B-4EC0-B740-FE38795313E6}.Debug|Any CPU.Build.0 = Debug|Any CPU
		{461F1C7E-CC9B-4EC0-B740-FE38795313E6}.Release|Any CPU.ActiveCfg = Release|Any CPU
		{461F1C7E-CC9B-4EC0-B740-FE38795313E6}.Release|Any CPU.Build.0 = Release|Any CPU
	EndGlobalSection
	GlobalSection(SolutionProperties) = preSolution
		HideSolutionNode = FALSE
	EndGlobalSection
	GlobalSection(NestedProjects) = preSolution
		{72024BE8-0671-4DC4-A364-2C8F943EB5B2} = {DC99A499-4E12-480B-B287-89291144D0DC}
		{75451A17-2D33-48B7-BDD3-BF39CC288345} = {7A6C21E0-F2D5-44C7-9A93-C128E3496364}
		{355DA2F6-EB03-4136-9F5D-D1C8F0CF3DCF} = {7A6C21E0-F2D5-44C7-9A93-C128E3496364}
		{17810448-9FBE-47CA-9259-5961CEBA1E18} = {8ACCE6D3-DCBF-4533-AF7C-07B7CC919DEC}
		{461F1C7E-CC9B-4EC0-B740-FE38795313E6} = {8ACCE6D3-DCBF-4533-AF7C-07B7CC919DEC}
	EndGlobalSection
EndGlobal
